dependencies:
- name: postgresql
  repository: https://charts.bitnami.com/bitnami
  version: 8.x.x
- name: prometheus-postgres-exporter
  repository: https://kubernetes-charts.storage.googleapis.com
  version: 1.3.0
digest: sha256:4842e99db5e9977c999b6b77e5e013dc883df9f7e0acb8ff910d17f2a59157e5
generated: "2020-05-17T21:16:46.88670522+03:00"
